// !$*UTF8*$!
{
	archiveVersion = 1;
	classes = {
	};
	objectVersion = 46;
	objects = {

/* Begin PBXBuildFile section */
		AB9664341D260B05009190CE /* main.m in Sources */ = {isa = PBXBuildFile; fileRef = AB9664331D260B05009190CE /* main.m */; };
		AB9664371D260B05009190CE /* AppDelegate.m in Sources */ = {isa = PBXBuildFile; fileRef = AB9664361D260B05009190CE /* AppDelegate.m */; };
		AB96643A1D260B05009190CE /* Home.m in Sources */ = {isa = PBXBuildFile; fileRef = AB9664391D260B05009190CE /* Home.m */; };
		AB96643D1D260B05009190CE /* Main.storyboard in Resources */ = {isa = PBXBuildFile; fileRef = AB96643B1D260B05009190CE /* Main.storyboard */; };
		AB9664401D260B05009190CE /* Navigation_Controller.xcdatamodeld in Sources */ = {isa = PBXBuildFile; fileRef = AB96643E1D260B05009190CE /* Navigation_Controller.xcdatamodeld */; };
		AB9664421D260B05009190CE /* Assets.xcassets in Resources */ = {isa = PBXBuildFile; fileRef = AB9664411D260B05009190CE /* Assets.xcassets */; };
		AB9664451D260B05009190CE /* LaunchScreen.storyboard in Resources */ = {isa = PBXBuildFile; fileRef = AB9664431D260B05009190CE /* LaunchScreen.storyboard */; };
		AB9664521D26112C009190CE /* cellHome.m in Sources */ = {isa = PBXBuildFile; fileRef = AB9664501D26112C009190CE /* cellHome.m */; };
		AB9664531D26112C009190CE /* cellHome.xib in Resources */ = {isa = PBXBuildFile; fileRef = AB9664511D26112C009190CE /* cellHome.xib */; };
		AB9664751D262CA5009190CE /* Guadalajara.png in Resources */ = {isa = PBXBuildFile; fileRef = AB9664701D262CA5009190CE /* Guadalajara.png */; };
		AB9664761D262CA5009190CE /* SanSebastian.png in Resources */ = {isa = PBXBuildFile; fileRef = AB9664711D262CA5009190CE /* SanSebastian.png */; };
		AB9664771D262CA5009190CE /* Tapalpa.png in Resources */ = {isa = PBXBuildFile; fileRef = AB9664721D262CA5009190CE /* Tapalpa.png */; };
		AB9664781D262CA5009190CE /* Tequila.png in Resources */ = {isa = PBXBuildFile; fileRef = AB9664731D262CA5009190CE /* Tequila.png */; };
		AB9664791D262CA5009190CE /* Vallarta.png in Resources */ = {isa = PBXBuildFile; fileRef = AB9664741D262CA5009190CE /* Vallarta.png */; };
		ABBAACFB1D26BDA0003D4AE3 /* DestinationDetails.m in Sources */ = {isa = PBXBuildFile; fileRef = ABBAACFA1D26BDA0003D4AE3 /* DestinationDetails.m */; };
/* End PBXBuildFile section */

/* Begin PBXFileReference section */
		AB96642F1D260B05009190CE /* Navigation Controller.app */ = {isa = PBXFileReference; explicitFileType = wrapper.application; includeInIndex = 0; path = "Navigation Controller.app"; sourceTree = BUILT_PRODUCTS_DIR; };
		AB9664331D260B05009190CE /* main.m */ = {isa = PBXFileReference; lastKnownFileType = sourcecode.c.objc; path = main.m; sourceTree = "<group>"; };
		AB9664351D260B05009190CE /* AppDelegate.h */ = {isa = PBXFileReference; lastKnownFileType = sourcecode.c.h; path = AppDelegate.h; sourceTree = "<group>"; };
		AB9664361D260B05009190CE /* AppDelegate.m */ = {isa = PBXFileReference; lastKnownFileType = sourcecode.c.objc; path = AppDelegate.m; sourceTree = "<group>"; };
		AB9664381D260B05009190CE /* Home.h */ = {isa = PBXFileReference; lastKnownFileType = sourcecode.c.h; path = Home.h; sourceTree = "<group>"; };
		AB9664391D260B05009190CE /* Home.m */ = {isa = PBXFileReference; lastKnownFileType = sourcecode.c.objc; path = Home.m; sourceTree = "<group>"; };
		AB96643C1D260B05009190CE /* Base */ = {isa = PBXFileReference; lastKnownFileType = file.storyboard; name = Base; path = Base.lproj/Main.storyboard; sourceTree = "<group>"; };
		AB96643F1D260B05009190CE /* Navigation_Controller.xcdatamodel */ = {isa = PBXFileReference; lastKnownFileType = wrapper.xcdatamodel; path = Navigation_Controller.xcdatamodel; sourceTree = "<group>"; };
		AB9664411D260B05009190CE /* Assets.xcassets */ = {isa = PBXFileReference; lastKnownFileType = folder.assetcatalog; path = Assets.xcassets; sourceTree = "<group>"; };
		AB9664441D260B05009190CE /* Base */ = {isa = PBXFileReference; lastKnownFileType = file.storyboard; name = Base; path = Base.lproj/LaunchScreen.storyboard; sourceTree = "<group>"; };
		AB9664461D260B05009190CE /* Info.plist */ = {isa = PBXFileReference; lastKnownFileType = text.plist.xml; path = Info.plist; sourceTree = "<group>"; };
		AB96644F1D26112C009190CE /* cellHome.h */ = {isa = PBXFileReference; fileEncoding = 4; lastKnownFileType = sourcecode.c.h; path = cellHome.h; sourceTree = "<group>"; };
		AB9664501D26112C009190CE /* cellHome.m */ = {isa = PBXFileReference; fileEncoding = 4; lastKnownFileType = sourcecode.c.objc; path = cellHome.m; sourceTree = "<group>"; };
		AB9664511D26112C009190CE /* cellHome.xib */ = {isa = PBXFileReference; fileEncoding = 4; lastKnownFileType = file.xib; path = cellHome.xib; sourceTree = "<group>"; };
		AB9664701D262CA5009190CE /* Guadalajara.png */ = {isa = PBXFileReference; lastKnownFileType = image.png; path = Guadalajara.png; sourceTree = "<group>"; };
		AB9664711D262CA5009190CE /* SanSebastian.png */ = {isa = PBXFileReference; lastKnownFileType = image.png; path = SanSebastian.png; sourceTree = "<group>"; };
		AB9664721D262CA5009190CE /* Tapalpa.png */ = {isa = PBXFileReference; lastKnownFileType = image.png; path = Tapalpa.png; sourceTree = "<group>"; };
		AB9664731D262CA5009190CE /* Tequila.png */ = {isa = PBXFileReference; lastKnownFileType = image.png; path = Tequila.png; sourceTree = "<group>"; };
		AB9664741D262CA5009190CE /* Vallarta.png */ = {isa = PBXFileReference; lastKnownFileType = image.png; path = Vallarta.png; sourceTree = "<group>"; };
		ABBAACF91D26BDA0003D4AE3 /* DestinationDetails.h */ = {isa = PBXFileReference; fileEncoding = 4; lastKnownFileType = sourcecode.c.h; path = DestinationDetails.h; sourceTree = "<group>"; };
		ABBAACFA1D26BDA0003D4AE3 /* DestinationDetails.m */ = {isa = PBXFileReference; fileEncoding = 4; lastKnownFileType = sourcecode.c.objc; path = DestinationDetails.m; sourceTree = "<group>"; };
/* End PBXFileReference section */

/* Begin PBXFrameworksBuildPhase section */
		AB96642C1D260B05009190CE /* Frameworks */ = {
			isa = PBXFrameworksBuildPhase;
			buildActionMask = 2147483647;
			files = (
			);
			runOnlyForDeploymentPostprocessing = 0;
		};
/* End PBXFrameworksBuildPhase section */

/* Begin PBXGroup section */
		AB9664261D260B05009190CE = {
			isa = PBXGroup;
			children = (
				AB9664311D260B05009190CE /* Navigation Controller */,
				AB9664301D260B05009190CE /* Products */,
			);
			sourceTree = "<group>";
		};
		AB9664301D260B05009190CE /* Products */ = {
			isa = PBXGroup;
			children = (
				AB96642F1D260B05009190CE /* Navigation Controller.app */,
			);
			name = Products;
			sourceTree = "<group>";
		};
		AB9664311D260B05009190CE /* Navigation Controller */ = {
			isa = PBXGroup;
			children = (
				AB96646F1D262CA5009190CE /* imgs */,
				AB96644C1D260B11009190CE /* Main */,
				AB96644D1D260B1A009190CE /* Controllers */,
				AB96644E1D2610E3009190CE /* Cells */,
				AB96643B1D260B05009190CE /* Main.storyboard */,
				AB9664411D260B05009190CE /* Assets.xcassets */,
				AB9664431D260B05009190CE /* LaunchScreen.storyboard */,
				AB9664461D260B05009190CE /* Info.plist */,
				AB96643E1D260B05009190CE /* Navigation_Controller.xcdatamodeld */,
				AB9664321D260B05009190CE /* Supporting Files */,
			);
			path = "Navigation Controller";
			sourceTree = "<group>";
		};
		AB9664321D260B05009190CE /* Supporting Files */ = {
			isa = PBXGroup;
			children = (
				AB9664331D260B05009190CE /* main.m */,
			);
			name = "Supporting Files";
			sourceTree = "<group>";
		};
		AB96644C1D260B11009190CE /* Main */ = {
			isa = PBXGroup;
			children = (
				AB9664351D260B05009190CE /* AppDelegate.h */,
				AB9664361D260B05009190CE /* AppDelegate.m */,
			);
			name = Main;
			sourceTree = "<group>";
		};
		AB96644D1D260B1A009190CE /* Controllers */ = {
			isa = PBXGroup;
			children = (
				AB9664381D260B05009190CE /* Home.h */,
				AB9664391D260B05009190CE /* Home.m */,
				ABBAACF91D26BDA0003D4AE3 /* DestinationDetails.h */,
				ABBAACFA1D26BDA0003D4AE3 /* DestinationDetails.m */,
			);
			name = Controllers;
			sourceTree = "<group>";
		};
		AB96644E1D2610E3009190CE /* Cells */ = {
			isa = PBXGroup;
			children = (
				AB96644F1D26112C009190CE /* cellHome.h */,
				AB9664501D26112C009190CE /* cellHome.m */,
				AB9664511D26112C009190CE /* cellHome.xib */,
			);
			name = Cells;
			sourceTree = "<group>";
		};
		AB96646F1D262CA5009190CE /* imgs */ = {
			isa = PBXGroup;
			children = (
				AB9664701D262CA5009190CE /* Guadalajara.png */,
				AB9664711D262CA5009190CE /* SanSebastian.png */,
				AB9664721D262CA5009190CE /* Tapalpa.png */,
				AB9664731D262CA5009190CE /* Tequila.png */,
				AB9664741D262CA5009190CE /* Vallarta.png */,
			);
			path = imgs;
			sourceTree = "<group>";
		};
/* End PBXGroup section */

/* Begin PBXNativeTarget section */
		AB96642E1D260B05009190CE /* Navigation Controller */ = {
			isa = PBXNativeTarget;
			buildConfigurationList = AB9664491D260B05009190CE /* Build configuration list for PBXNativeTarget "Navigation Controller" */;
			buildPhases = (
				AB96642B1D260B05009190CE /* Sources */,
				AB96642C1D260B05009190CE /* Frameworks */,
				AB96642D1D260B05009190CE /* Resources */,
			);
			buildRules = (
			);
			dependencies = (
			);
			name = "Navigation Controller";
			productName = "Navigation Controller";
			productReference = AB96642F1D260B05009190CE /* Navigation Controller.app */;
			productType = "com.apple.product-type.application";
		};
/* End PBXNativeTarget section */

/* Begin PBXProject section */
		AB9664271D260B05009190CE /* Project object */ = {
			isa = PBXProject;
			attributes = {
				LastUpgradeCheck = 0730;
				ORGANIZATIONNAME = OG;
				TargetAttributes = {
					AB96642E1D260B05009190CE = {
						CreatedOnToolsVersion = 7.3.1;
					};
				};
			};
			buildConfigurationList = AB96642A1D260B05009190CE /* Build configuration list for PBXProject "Navigation Controller" */;
			compatibilityVersion = "Xcode 3.2";
			developmentRegion = English;
			hasScannedForEncodings = 0;
			knownRegions = (
				en,
				Base,
			);
			mainGroup = AB9664261D260B05009190CE;
			productRefGroup = AB9664301D260B05009190CE /* Products */;
			projectDirPath = "";
			projectRoot = "";
			targets = (
				AB96642E1D260B05009190CE /* Navigation Controller */,
			);
		};
/* End PBXProject section */

/* Begin PBXResourcesBuildPhase section */
		AB96642D1D260B05009190CE /* Resources */ = {
			isa = PBXResourcesBuildPhase;
			buildActionMask = 2147483647;
			files = (
				AB9664791D262CA5009190CE /* Vallarta.png in Resources */,
				AB9664771D262CA5009190CE /* Tapalpa.png in Resources */,
				AB9664451D260B05009190CE /* LaunchScreen.storyboard in Resources */,
				AB9664421D260B05009190CE /* Assets.xcassets in Resources */,
				AB9664781D262CA5009190CE /* Tequila.png in Resources */,
				AB9664531D26112C009190CE /* cellHome.xib in Resources */,
				AB96643D1D260B05009190CE /* Main.storyboard in Resources */,
				AB9664751D262CA5009190CE /* Guadalajara.png in Resources */,
				AB9664761D262CA5009190CE /* SanSebastian.png in Resources */,
			);
			runOnlyForDeploymentPostprocessing = 0;
		};
/* End PBXResourcesBuildPhase section */

/* Begin PBXSourcesBuildPhase section */
		AB96642B1D260B05009190CE /* Sources */ = {
			isa = PBXSourcesBuildPhase;
			buildActionMask = 2147483647;
			files = (
				AB96643A1D260B05009190CE /* Home.m in Sources */,
				AB9664401D260B05009190CE /* Navigation_Controller.xcdatamodeld in Sources */,
				AB9664371D260B05009190CE /* AppDelegate.m in Sources */,
				AB9664521D26112C009190CE /* cellHome.m in Sources */,
				AB9664341D260B05009190CE /* main.m in Sources */,
				ABBAACFB1D26BDA0003D4AE3 /* DestinationDetails.m in Sources */,
			);
			runOnlyForDeploymentPostprocessing = 0;
		};
/* End PBXSourcesBuildPhase section */

/* Begin PBXVariantGroup section */
		AB96643B1D260B05009190CE /* Main.storyboard */ = {
			isa = PBXVariantGroup;
			children = (
				AB96643C1D260B05009190CE /* Base */,
			);
			name = Main.storyboard;
			sourceTree = "<group>";
		};
		AB9664431D260B05009190CE /* LaunchScreen.storyboard */ = {
			isa = PBXVariantGroup;
			children = (
				AB9664441D260B05009190CE /* Base */,
			);
			name = LaunchScreen.storyboard;
			sourceTree = "<group>";
		};
/* End PBXVariantGroup section */

/* Begin XCBuildConfiguration section */
		AB9664471D260B05009190CE /* Debug */ = {
			isa = XCBuildConfiguration;
			buildSettings = {
				ALWAYS_SEARCH_USER_PATHS = NO;
				CLANG_ANALYZER_NONNULL = YES;
				CLANG_CXX_LANGUAGE_STANDARD = "gnu++0x";
				CLANG_CXX_LIBRARY = "libc++";
				CLANG_ENABLE_MODULES = YES;
				CLANG_ENABLE_OBJC_ARC = YES;
				CLANG_WARN_BOOL_CONVERSION = YES;
				CLANG_WARN_CONSTANT_CONVERSION = YES;
				CLANG_WARN_DIRECT_OBJC_ISA_USAGE = YES_ERROR;
				CLANG_WARN_EMPTY_BODY = YES;
				CLANG_WARN_ENUM_CONVERSION = YES;
				CLANG_WARN_INT_CONVERSION = YES;
				CLANG_WARN_OBJC_ROOT_CLASS = YES_ERROR;
				CLANG_WARN_UNREACHABLE_CODE = YES;
				CLANG_WARN__DUPLICATE_METHOD_MATCH = YES;
				"CODE_SIGN_IDENTITY[sdk=iphoneos*]" = "iPhone Developer";
				COPY_PHASE_STRIP = NO;
				DEBUG_INFORMATION_FORMAT = dwarf;
				ENABLE_STRICT_OBJC_MSGSEND = YES;
				ENABLE_TESTABILITY = YES;
				GCC_C_LANGUAGE_STANDARD = gnu99;
				GCC_DYNAMIC_NO_PIC = NO;
				GCC_NO_COMMON_BLOCKS = YES;
				GCC_OPTIMIZATION_LEVEL = 0;
				GCC_PREPROCESSOR_DEFINITIONS = (
					"DEBUG=1",
					"$(inherited)",
				);
				GCC_WARN_64_TO_32_BIT_CONVERSION = YES;
				GCC_WARN_ABOUT_RETURN_TYPE = YES_ERROR;
				GCC_WARN_UNDECLARED_SELECTOR = YES;
				GCC_WARN_UNINITIALIZED_AUTOS = YES_AGGRESSIVE;
				GCC_WARN_UNUSED_FUNCTION = YES;
				GCC_WARN_UNUSED_VARIABLE = YES;
				IPHONEOS_DEPLOYMENT_TARGET = 9.3;
				MTL_ENABLE_DEBUG_INFO = YES;
				ONLY_ACTIVE_ARCH = YES;
				SDKROOT = iphoneos;
			};
			name = Debug;
		};
		AB9664481D260B05009190CE /* Release */ = {
			isa = XCBuildConfiguration;
			buildSettings = {
				ALWAYS_SEARCH_USER_PATHS = NO;
				CLANG_ANALYZER_NONNULL = YES;
				CLANG_CXX_LANGUAGE_STANDARD = "gnu++0x";
				CLANG_CXX_LIBRARY = "libc++";
				CLANG_ENABLE_MODULES = YES;
				CLANG_ENABLE_OBJC_ARC = YES;
				CLANG_WARN_BOOL_CONVERSION = YES;
				CLANG_WARN_CONSTANT_CONVERSION = YES;
				CLANG_WARN_DIRECT_OBJC_ISA_USAGE = YES_ERROR;
				CLANG_WARN_EMPTY_BODY = YES;
				CLANG_WARN_ENUM_CONVERSION = YES;
				CLANG_WARN_INT_CONVERSION = YES;
				CLANG_WARN_OBJC_ROOT_CLASS = YES_ERROR;
				CLANG_WARN_UNREACHABLE_CODE = YES;
				CLANG_WARN__DUPLICATE_METHOD_MATCH = YES;
				"CODE_SIGN_IDENTITY[sdk=iphoneos*]" = "iPhone Developer";
				COPY_PHASE_STRIP = NO;
				DEBUG_INFORMATION_FORMAT = "dwarf-with-dsym";
				ENABLE_NS_ASSERTIONS = NO;
				ENABLE_STRICT_OBJC_MSGSEND = YES;
				GCC_C_LANGUAGE_STANDARD = gnu99;
				GCC_NO_COMMON_BLOCKS = YES;
				GCC_WARN_64_TO_32_BIT_CONVERSION = YES;
				GCC_WARN_ABOUT_RETURN_TYPE = YES_ERROR;
				GCC_WARN_UNDECLARED_SELECTOR = YES;
				GCC_WARN_UNINITIALIZED_AUTOS = YES_AGGRESSIVE;
				GCC_WARN_UNUSED_FUNCTION = YES;
				GCC_WARN_UNUSED_VARIABLE = YES;
				IPHONEOS_DEPLOYMENT_TARGET = 9.3;
				MTL_ENABLE_DEBUG_INFO = NO;
				SDKROOT = iphoneos;
				VALIDATE_PRODUCT = YES;
			};
			name = Release;
		};
		AB96644A1D260B05009190CE /* Debug */ = {
			isa = XCBuildConfiguration;
			buildSettings = {
				ASSETCATALOG_COMPILER_APPICON_NAME = AppIcon;
				INFOPLIST_FILE = "Navigation Controller/Info.plist";
				LD_RUNPATH_SEARCH_PATHS = "$(inherited) @executable_path/Frameworks";
				PRODUCT_BUNDLE_IDENTIFIER = "com.OG.Navigation-Controller";
				PRODUCT_NAME = "$(TARGET_NAME)";
			};
			name = Debug;
		};
		AB96644B1D260B05009190CE /* Release */ = {
			isa = XCBuildConfiguration;
			buildSettings = {
				ASSETCATALOG_COMPILER_APPICON_NAME = AppIcon;
				INFOPLIST_FILE = "Navigation Controller/Info.plist";
				LD_RUNPATH_SEARCH_PATHS = "$(inherited) @executable_path/Frameworks";
				PRODUCT_BUNDLE_IDENTIFIER = "com.OG.Navigation-Controller";
				PRODUCT_NAME = "$(TARGET_NAME)";
			};
			name = Release;
		};
/* End XCBuildConfiguration section */

/* Begin XCConfigurationList section */
		AB96642A1D260B05009190CE /* Build configuration list for PBXProject "Navigation Controller" */ = {
			isa = XCConfigurationList;
			buildConfigurations = (
				AB9664471D260B05009190CE /* Debug */,
				AB9664481D260B05009190CE /* Release */,
			);
			defaultConfigurationIsVisible = 0;
			defaultConfigurationName = Release;
		};
		AB9664491D260B05009190CE /* Build configuration list for PBXNativeTarget "Navigation Controller" */ = {
			isa = XCConfigurationList;
			buildConfigurations = (
				AB96644A1D260B05009190CE /* Debug */,
				AB96644B1D260B05009190CE /* Release */,
			);
			defaultConfigurationIsVisible = 0;
			defaultConfigurationName = Release;
		};
/* End XCConfigurationList section */

/* Begin XCVersionGroup section */
		AB96643E1D260B05009190CE /* Navigation_Controller.xcdatamodeld */ = {
			isa = XCVersionGroup;
			children = (
				AB96643F1D260B05009190CE /* Navigation_Controller.xcdatamodel */,
			);
			currentVersion = AB96643F1D260B05009190CE /* Navigation_Controller.xcdatamodel */;
			path = Navigation_Controller.xcdatamodeld;
			sourceTree = "<group>";
			versionGroupType = wrapper.xcdatamodel;
		};
/* End XCVersionGroup section */
	};
	rootObject = AB9664271D260B05009190CE /* Project object */;
}
